
Microsoft Visual Studio Solution File, Format Version 12.00
# Visual Studio Version 17
VisualStudioVersion = 17.0.31903.59
MinimumVisualStudioVersion = 10.0.40219.1
Project("{2150E333-8FDC-42A3-9474-1A3956D46DE8}") = "src", "src", "{827E0CD3-B72D-47B6-A68D-7590B98EB39B}"
EndProject
Project("{FAE04EC0-301F-11D3-BF4B-00C04F79EFBC}") = "RAG.Core", "src\RAG.Core\RAG.Core.csproj", "{DDB3CD01-31F2-4750-B82F-8F8A999EA6E4}"
EndProject
Project("{FAE04EC0-301F-11D3-BF4B-00C04F79EFBC}") = "RAG.Infrastructure", "src\RAG.Infrastructure\RAG.Infrastructure.csproj", "{6763635F-FDA3-4293-868C-07E002676A83}"
EndProject
Project("{FAE04EC0-301F-11D3-BF4B-00C04F79EFBC}") = "RAG.Api", "src\RAG.Api\RAG.Api.csproj", "{99471553-1E89-4F88-9916-3C9E99BC024A}"
EndProject
Project("{2150E333-8FDC-42A3-9474-1A3956D46DE8}") = "tests", "tests", "{0AB3BF05-4346-4AA6-1389-037BE0695223}"
EndProject
Project("{FAE04EC0-301F-11D3-BF4B-00C04F79EFBC}") = "RAG.UnitTests", "tests\RAG.UnitTests\RAG.UnitTests.csproj", "{39E5D9CF-74B5-46D2-9577-1FD7294B3384}"
EndProject
Project("{FAE04EC0-301F-11D3-BF4B-00C04F79EFBC}") = "RAG.IntegrationTests", "tests\RAG.IntegrationTests\RAG.IntegrationTests.csproj", "{5501242D-B65C-4933-966C-86C0A3018203}"
EndProject
Global
	GlobalSection(SolutionConfigurationPlatforms) = preSolution
		Debug|Any CPU = Debug|Any CPU
		Debug|x64 = Debug|x64
		Debug|x86 = Debug|x86
		Release|Any CPU = Release|Any CPU
		Release|x64 = Release|x64
		Release|x86 = Release|x86
	EndGlobalSection
	GlobalSection(ProjectConfigurationPlatforms) = postSolution
		{DDB3CD01-31F2-4750-B82F-8F8A999EA6E4}.Debug|Any CPU.ActiveCfg = Debug|Any CPU
		{DDB3CD01-31F2-4750-B82F-8F8A999EA6E4}.Debug|Any CPU.Build.0 = Debug|Any CPU
		{DDB3CD01-31F2-4750-B82F-8F8A999EA6E4}.Debug|x64.ActiveCfg = Debug|Any CPU
		{DDB3CD01-31F2-4750-B82F-8F8A999EA6E4}.Debug|x64.Build.0 = Debug|Any CPU
		{DDB3CD01-31F2-4750-B82F-8F8A999EA6E4}.Debug|x86.ActiveCfg = Debug|Any CPU
		{DDB3CD01-31F2-4750-B82F-8F8A999EA6E4}.Debug|x86.Build.0 = Debug|Any CPU
		{DDB3CD01-31F2-4750-B82F-8F8A999EA6E4}.Release|Any CPU.ActiveCfg = Release|Any CPU
		{DDB3CD01-31F2-4750-B82F-8F8A999EA6E4}.Release|Any CPU.Build.0 = Release|Any CPU
		{DDB3CD01-31F2-4750-B82F-8F8A999EA6E4}.Release|x64.ActiveCfg = Release|Any CPU
		{DDB3CD01-31F2-4750-B82F-8F8A999EA6E4}.Release|x64.Build.0 = Release|Any CPU
		{DDB3CD01-31F2-4750-B82F-8F8A999EA6E4}.Release|x86.ActiveCfg = Release|Any CPU
		{DDB3CD01-31F2-4750-B82F-8F8A999EA6E4}.Release|x86.Build.0 = Release|Any CPU
		{6763635F-FDA3-4293-868C-07E002676A83}.Debug|Any CPU.ActiveCfg = Debug|Any CPU
		{6763635F-FDA3-4293-868C-07E002676A83}.Debug|Any CPU.Build.0 = Debug|Any CPU
		{6763635F-FDA3-4293-868C-07E002676A83}.Debug|x64.ActiveCfg = Debug|Any CPU
		{6763635F-FDA3-4293-868C-07E002676A83}.Debug|x64.Build.0 = Debug|Any CPU
		{6763635F-FDA3-4293-868C-07E002676A83}.Debug|x86.ActiveCfg = Debug|Any CPU
		{6763635F-FDA3-4293-868C-07E002676A83}.Debug|x86.Build.0 = Debug|Any CPU
		{6763635F-FDA3-4293-868C-07E002676A83}.Release|Any CPU.ActiveCfg = Release|Any CPU
		{6763635F-FDA3-4293-868C-07E002676A83}.Release|Any CPU.Build.0 = Release|Any CPU
		{6763635F-FDA3-4293-868C-07E002676A83}.Release|x64.ActiveCfg = Release|Any CPU
		{6763635F-FDA3-4293-868C-07E002676A83}.Release|x64.Build.0 = Release|Any CPU
		{6763635F-FDA3-4293-868C-07E002676A83}.Release|x86.ActiveCfg = Release|Any CPU
		{6763635F-FDA3-4293-868C-07E002676A83}.Release|x86.Build.0 = Release|Any CPU
		{99471553-1E89-4F88-9916-3C9E99BC024A}.Debug|Any CPU.ActiveCfg = Debug|Any CPU
		{99471553-1E89-4F88-9916-3C9E99BC024A}.Debug|Any CPU.Build.0 = Debug|Any CPU
		{99471553-1E89-4F88-9916-3C9E99BC024A}.Debug|x64.ActiveCfg = Debug|Any CPU
		{99471553-1E89-4F88-9916-3C9E99BC024A}.Debug|x64.Build.0 = Debug|Any CPU
		{99471553-1E89-4F88-9916-3C9E99BC024A}.Debug|x86.ActiveCfg = Debug|Any CPU
		{99471553-1E89-4F88-9916-3C9E99BC024A}.Debug|x86.Build.0 = Debug|Any CPU
		{99471553-1E89-4F88-9916-3C9E99BC024A}.Release|Any CPU.ActiveCfg = Release|Any CPU
		{99471553-1E89-4F88-9916-3C9E99BC024A}.Release|Any CPU.Build.0 = Release|Any CPU
		{99471553-1E89-4F88-9916-3C9E99BC024A}.Release|x64.ActiveCfg = Release|Any CPU
		{99471553-1E89-4F88-9916-3C9E99BC024A}.Release|x64.Build.0 = Release|Any CPU
		{99471553-1E89-4F88-9916-3C9E99BC024A}.Release|x86.ActiveCfg = Release|Any CPU
		{99471553-1E89-4F88-9916-3C9E99BC024A}.Release|x86.Build.0 = Release|Any CPU
		{39E5D9CF-74B5-46D2-9577-1FD7294B3384}.Debug|Any CPU.ActiveCfg = Debug|Any CPU
		{39E5D9CF-74B5-46D2-9577-1FD7294B3384}.Debug|Any CPU.Build.0 = Debug|Any CPU
		{39E5D9CF-74B5-46D2-9577-1FD7294B3384}.Debug|x64.ActiveCfg = Debug|Any CPU
		{39E5D9CF-74B5-46D2-9577-1FD7294B3384}.Debug|x64.Build.0 = Debug|Any CPU
		{39E5D9CF-74B5-46D2-9577-1FD7294B3384}.Debug|x86.ActiveCfg = Debug|Any CPU
		{39E5D9CF-74B5-46D2-9577-1FD7294B3384}.Debug|x86.Build.0 = Debug|Any CPU
		{39E5D9CF-74B5-46D2-9577-1FD7294B3384}.Release|Any CPU.ActiveCfg = Release|Any CPU
		{39E5D9CF-74B5-46D2-9577-1FD7294B3384}.Release|Any CPU.Build.0 = Release|Any CPU
		{39E5D9CF-74B5-46D2-9577-1FD7294B3384}.Release|x64.ActiveCfg = Release|Any CPU
		{39E5D9CF-74B5-46D2-9577-1FD7294B3384}.Release|x64.Build.0 = Release|Any CPU
		{39E5D9CF-74B5-46D2-9577-1FD7294B3384}.Release|x86.ActiveCfg = Release|Any CPU
		{39E5D9CF-74B5-46D2-9577-1FD7294B3384}.Release|x86.Build.0 = Release|Any CPU
		{5501242D-B65C-4933-966C-86C0A3018203}.Debug|Any CPU.ActiveCfg = Debug|Any CPU
		{5501242D-B65C-4933-966C-86C0A3018203}.Debug|Any CPU.Build.0 = Debug|Any CPU
		{5501242D-B65C-4933-966C-86C0A3018203}.Debug|x64.ActiveCfg = Debug|Any CPU
		{5501242D-B65C-4933-966C-86C0A3018203}.Debug|x64.Build.0 = Debug|Any CPU
		{5501242D-B65C-4933-966C-86C0A3018203}.Debug|x86.ActiveCfg = Debug|Any CPU
		{5501242D-B65C-4933-966C-86C0A3018203}.Debug|x86.Build.0 = Debug|Any CPU
		{5501242D-B65C-4933-966C-86C0A3018203}.Release|Any CPU.ActiveCfg = Release|Any CPU
		{5501242D-B65C-4933-966C-86C0A3018203}.Release|Any CPU.Build.0 = Release|Any CPU
		{5501242D-B65C-4933-966C-86C0A3018203}.Release|x64.ActiveCfg = Release|Any CPU
		{5501242D-B65C-4933-966C-86C0A3018203}.Release|x64.Build.0 = Release|Any CPU
		{5501242D-B65C-4933-966C-86C0A3018203}.Release|x86.ActiveCfg = Release|Any CPU
		{5501242D-B65C-4933-966C-86C0A3018203}.Release|x86.Build.0 = Release|Any CPU
	EndGlobalSection
	GlobalSection(SolutionProperties) = preSolution
		HideSolutionNode = FALSE
	EndGlobalSection
	GlobalSection(NestedProjects) = preSolution
		{DDB3CD01-31F2-4750-B82F-8F8A999EA6E4} = {827E0CD3-B72D-47B6-A68D-7590B98EB39B}
		{6763635F-FDA3-4293-868C-07E002676A83} = {827E0CD3-B72D-47B6-A68D-7590B98EB39B}
		{99471553-1E89-4F88-9916-3C9E99BC024A} = {827E0CD3-B72D-47B6-A68D-7590B98EB39B}
		{39E5D9CF-74B5-46D2-9577-1FD7294B3384} = {0AB3BF05-4346-4AA6-1389-037BE0695223}
		{5501242D-B65C-4933-966C-86C0A3018203} = {0AB3BF05-4346-4AA6-1389-037BE0695223}
	EndGlobalSection
EndGlobal
